// !$*UTF8*$!
{
	archiveVersion = 1;
	classes = {
	};
	objectVersion = 77;
	objects = {

/* Begin PBXBuildFile section */
		167717D62D54D28A00CABB62 /* .gitignore in Resources */ = {isa = PBXBuildFile; fileRef = 167717D52D54D28500CABB62 /* .gitignore */; };
		167718492D585FC100CABB62 /* FirebaseAuth in Frameworks */ = {isa = PBXBuildFile; productRef = 167718482D585FC100CABB62 /* FirebaseAuth */; };
		1677184B2D585FC100CABB62 /* FirebaseFirestore in Frameworks */ = {isa = PBXBuildFile; productRef = 1677184A2D585FC100CABB62 /* FirebaseFirestore */; };
		1677184D2D585FC100CABB62 /* FirebaseFirestoreCombine-Community in Frameworks */ = {isa = PBXBuildFile; productRef = 1677184C2D585FC100CABB62 /* FirebaseFirestoreCombine-Community */; };
/* End PBXBuildFile section */

/* Begin PBXContainerItemProxy section */
		1677AA532D45F1D50048AAA9 /* PBXContainerItemProxy */ = {
			isa = PBXContainerItemProxy;
			containerPortal = 1677AA3A2D45F1D30048AAA9 /* Project object */;
			proxyType = 1;
			remoteGlobalIDString = 1677AA412D45F1D30048AAA9;
			remoteInfo = BoysBehindTheBar;
		};
		1677AA5D2D45F1D50048AAA9 /* PBXContainerItemProxy */ = {
			isa = PBXContainerItemProxy;
			containerPortal = 1677AA3A2D45F1D30048AAA9 /* Project object */;
			proxyType = 1;
			remoteGlobalIDString = 1677AA412D45F1D30048AAA9;
			remoteInfo = BoysBehindTheBar;
		};
/* End PBXContainerItemProxy section */

/* Begin PBXFileReference section */
		167717D52D54D28500CABB62 /* .gitignore */ = {isa = PBXFileReference; lastKnownFileType = text; path = .gitignore; sourceTree = "<group>"; };
		1677AA422D45F1D30048AAA9 /* BoysBehindTheBar.app */ = {isa = PBXFileReference; explicitFileType = wrapper.application; includeInIndex = 0; path = BoysBehindTheBar.app; sourceTree = BUILT_PRODUCTS_DIR; };
		1677AA522D45F1D50048AAA9 /* BoysBehindTheBarTests.xctest */ = {isa = PBXFileReference; explicitFileType = wrapper.cfbundle; includeInIndex = 0; path = BoysBehindTheBarTests.xctest; sourceTree = BUILT_PRODUCTS_DIR; };
		1677AA5C2D45F1D50048AAA9 /* BoysBehindTheBarUITests.xctest */ = {isa = PBXFileReference; explicitFileType = wrapper.cfbundle; includeInIndex = 0; path = BoysBehindTheBarUITests.xctest; sourceTree = BUILT_PRODUCTS_DIR; };
/* End PBXFileReference section */

/* Begin PBXFileSystemSynchronizedRootGroup section */
		1677AA442D45F1D30048AAA9 /* BoysBehindTheBar */ = {
			isa = PBXFileSystemSynchronizedRootGroup;
			path = BoysBehindTheBar;
			sourceTree = "<group>";
		};
/* End PBXFileSystemSynchronizedRootGroup section */

/* Begin PBXFrameworksBuildPhase section */
		1677AA3F2D45F1D30048AAA9 /* Frameworks */ = {
			isa = PBXFrameworksBuildPhase;
			buildActionMask = 2147483647;
			files = (
				1677184D2D585FC100CABB62 /* FirebaseFirestoreCombine-Community in Frameworks */,
				167718492D585FC100CABB62 /* FirebaseAuth in Frameworks */,
				1677184B2D585FC100CABB62 /* FirebaseFirestore in Frameworks */,
			);
			runOnlyForDeploymentPostprocessing = 0;
		};
		1677AA4F2D45F1D50048AAA9 /* Frameworks */ = {
			isa = PBXFrameworksBuildPhase;
			buildActionMask = 2147483647;
			files = (
			);
			runOnlyForDeploymentPostprocessing = 0;
		};
		1677AA592D45F1D50048AAA9 /* Frameworks */ = {
			isa = PBXFrameworksBuildPhase;
			buildActionMask = 2147483647;
			files = (
			);
			runOnlyForDeploymentPostprocessing = 0;
		};
/* End PBXFrameworksBuildPhase section */

/* Begin PBXGroup section */
		1677AA392D45F1D30048AAA9 = {
			isa = PBXGroup;
			children = (
				167717D52D54D28500CABB62 /* .gitignore */,
				1677AA442D45F1D30048AAA9 /* BoysBehindTheBar */,
				1677AA432D45F1D30048AAA9 /* Products */,
			);
			sourceTree = "<group>";
		};
		1677AA432D45F1D30048AAA9 /* Products */ = {
			isa = PBXGroup;
			children = (
				1677AA422D45F1D30048AAA9 /* BoysBehindTheBar.app */,
				1677AA522D45F1D50048AAA9 /* BoysBehindTheBarTests.xctest */,
				1677AA5C2D45F1D50048AAA9 /* BoysBehindTheBarUITests.xctest */,
			);
			name = Products;
			sourceTree = "<group>";
		};
/* End PBXGroup section */

/* Begin PBXNativeTarget section */
		1677AA412D45F1D30048AAA9 /* BoysBehindTheBar */ = {
			isa = PBXNativeTarget;
			buildConfigurationList = 1677AA662D45F1D50048AAA9 /* Build configuration list for PBXNativeTarget "BoysBehindTheBar" */;
			buildPhases = (
				1677AA3E2D45F1D30048AAA9 /* Sources */,
				1677AA3F2D45F1D30048AAA9 /* Frameworks */,
				1677AA402D45F1D30048AAA9 /* Resources */,
			);
			buildRules = (
			);
			dependencies = (
			);
			fileSystemSynchronizedGroups = (
				1677AA442D45F1D30048AAA9 /* BoysBehindTheBar */,
			);
			name = BoysBehindTheBar;
			packageProductDependencies = (
				167718482D585FC100CABB62 /* FirebaseAuth */,
				1677184A2D585FC100CABB62 /* FirebaseFirestore */,
				1677184C2D585FC100CABB62 /* FirebaseFirestoreCombine-Community */,
			);
			productName = BoysBehindTheBar;
			productReference = 1677AA422D45F1D30048AAA9 /* BoysBehindTheBar.app */;
			productType = "com.apple.product-type.application";
		};
		1677AA512D45F1D50048AAA9 /* BoysBehindTheBarTests */ = {
			isa = PBXNativeTarget;
			buildConfigurationList = 1677AA692D45F1D50048AAA9 /* Build configuration list for PBXNativeTarget "BoysBehindTheBarTests" */;
			buildPhases = (
				1677AA4E2D45F1D50048AAA9 /* Sources */,
				1677AA4F2D45F1D50048AAA9 /* Frameworks */,
				1677AA502D45F1D50048AAA9 /* Resources */,
			);
			buildRules = (
			);
			dependencies = (
				1677AA542D45F1D50048AAA9 /* PBXTargetDependency */,
			);
			name = BoysBehindTheBarTests;
			packageProductDependencies = (
			);
			productName = BoysBehindTheBarTests;
			productReference = 1677AA522D45F1D50048AAA9 /* BoysBehindTheBarTests.xctest */;
			productType = "com.apple.product-type.bundle.unit-test";
		};
		1677AA5B2D45F1D50048AAA9 /* BoysBehindTheBarUITests */ = {
			isa = PBXNativeTarget;
			buildConfigurationList = 1677AA6C2D45F1D50048AAA9 /* Build configuration list for PBXNativeTarget "BoysBehindTheBarUITests" */;
			buildPhases = (
				1677AA582D45F1D50048AAA9 /* Sources */,
				1677AA592D45F1D50048AAA9 /* Frameworks */,
				1677AA5A2D45F1D50048AAA9 /* Resources */,
			);
			buildRules = (
			);
			dependencies = (
				1677AA5E2D45F1D50048AAA9 /* PBXTargetDependency */,
			);
			name = BoysBehindTheBarUITests;
			packageProductDependencies = (
			);
			productName = BoysBehindTheBarUITests;
			productReference = 1677AA5C2D45F1D50048AAA9 /* BoysBehindTheBarUITests.xctest */;
			productType = "com.apple.product-type.bundle.ui-testing";
		};
/* End PBXNativeTarget section */

/* Begin PBXProject section */
		1677AA3A2D45F1D30048AAA9 /* Project object */ = {
			isa = PBXProject;
			attributes = {
				BuildIndependentTargetsInParallel = 1;
				LastSwiftUpdateCheck = 1620;
				LastUpgradeCheck = 1620;
				TargetAttributes = {
					1677AA412D45F1D30048AAA9 = {
						CreatedOnToolsVersion = 16.2;
					};
					1677AA512D45F1D50048AAA9 = {
						CreatedOnToolsVersion = 16.2;
						TestTargetID = 1677AA412D45F1D30048AAA9;
					};
					1677AA5B2D45F1D50048AAA9 = {
						CreatedOnToolsVersion = 16.2;
						TestTargetID = 1677AA412D45F1D30048AAA9;
					};
				};
			};
			buildConfigurationList = 1677AA3D2D45F1D30048AAA9 /* Build configuration list for PBXProject "BoysBehindTheBar" */;
			developmentRegion = en;
			hasScannedForEncodings = 0;
			knownRegions = (
				en,
				Base,
			);
			mainGroup = 1677AA392D45F1D30048AAA9;
			minimizedProjectReferenceProxies = 1;
			packageReferences = (
				167718472D585FC100CABB62 /* XCRemoteSwiftPackageReference "firebase-ios-sdk" */,
			);
			preferredProjectObjectVersion = 77;
			productRefGroup = 1677AA432D45F1D30048AAA9 /* Products */;
			projectDirPath = "";
			projectRoot = "";
			targets = (
				1677AA412D45F1D30048AAA9 /* BoysBehindTheBar */,
				1677AA512D45F1D50048AAA9 /* BoysBehindTheBarTests */,
				1677AA5B2D45F1D50048AAA9 /* BoysBehindTheBarUITests */,
			);
		};
/* End PBXProject section */

/* Begin PBXResourcesBuildPhase section */
		1677AA402D45F1D30048AAA9 /* Resources */ = {
			isa = PBXResourcesBuildPhase;
			buildActionMask = 2147483647;
			files = (
				167717D62D54D28A00CABB62 /* .gitignore in Resources */,
			);
			runOnlyForDeploymentPostprocessing = 0;
		};
		1677AA502D45F1D50048AAA9 /* Resources */ = {
			isa = PBXResourcesBuildPhase;
			buildActionMask = 2147483647;
			files = (
			);
			runOnlyForDeploymentPostprocessing = 0;
		};
		1677AA5A2D45F1D50048AAA9 /* Resources */ = {
			isa = PBXResourcesBuildPhase;
			buildActionMask = 2147483647;
			files = (
			);
			runOnlyForDeploymentPostprocessing = 0;
		};
/* End PBXResourcesBuildPhase section */

/* Begin PBXSourcesBuildPhase section */
		1677AA3E2D45F1D30048AAA9 /* Sources */ = {
			isa = PBXSourcesBuildPhase;
			buildActionMask = 2147483647;
			files = (
			);
			runOnlyForDeploymentPostprocessing = 0;
		};
		1677AA4E2D45F1D50048AAA9 /* Sources */ = {
			isa = PBXSourcesBuildPhase;
			buildActionMask = 2147483647;
			files = (
			);
			runOnlyForDeploymentPostprocessing = 0;
		};
		1677AA582D45F1D50048AAA9 /* Sources */ = {
			isa = PBXSourcesBuildPhase;
			buildActionMask = 2147483647;
			files = (
			);
			runOnlyForDeploymentPostprocessing = 0;
		};
/* End PBXSourcesBuildPhase section */

/* Begin PBXTargetDependency section */
		1677AA542D45F1D50048AAA9 /* PBXTargetDependency */ = {
			isa = PBXTargetDependency;
			target = 1677AA412D45F1D30048AAA9 /* BoysBehindTheBar */;
			targetProxy = 1677AA532D45F1D50048AAA9 /* PBXContainerItemProxy */;
		};
		1677AA5E2D45F1D50048AAA9 /* PBXTargetDependency */ = {
			isa = PBXTargetDependency;
			target = 1677AA412D45F1D30048AAA9 /* BoysBehindTheBar */;
			targetProxy = 1677AA5D2D45F1D50048AAA9 /* PBXContainerItemProxy */;
		};
/* End PBXTargetDependency section */

/* Begin XCBuildConfiguration section */
		1677AA642D45F1D50048AAA9 /* Debug */ = {
			isa = XCBuildConfiguration;
			buildSettings = {
				ALWAYS_SEARCH_USER_PATHS = NO;
				ASSETCATALOG_COMPILER_GENERATE_SWIFT_ASSET_SYMBOL_EXTENSIONS = YES;
				CLANG_ANALYZER_NONNULL = YES;
				CLANG_ANALYZER_NUMBER_OBJECT_CONVERSION = YES_AGGRESSIVE;
				CLANG_CXX_LANGUAGE_STANDARD = "gnu++20";
				CLANG_ENABLE_MODULES = YES;
				CLANG_ENABLE_OBJC_ARC = YES;
				CLANG_ENABLE_OBJC_WEAK = YES;
				CLANG_WARN_BLOCK_CAPTURE_AUTORELEASING = YES;
				CLANG_WARN_BOOL_CONVERSION = YES;
				CLANG_WARN_COMMA = YES;
				CLANG_WARN_CONSTANT_CONVERSION = YES;
				CLANG_WARN_DEPRECATED_OBJC_IMPLEMENTATIONS = YES;
				CLANG_WARN_DIRECT_OBJC_ISA_USAGE = YES_ERROR;
				CLANG_WARN_DOCUMENTATION_COMMENTS = YES;
				CLANG_WARN_EMPTY_BODY = YES;
				CLANG_WARN_ENUM_CONVERSION = YES;
				CLANG_WARN_INFINITE_RECURSION = YES;
				CLANG_WARN_INT_CONVERSION = YES;
				CLANG_WARN_NON_LITERAL_NULL_CONVERSION = YES;
				CLANG_WARN_OBJC_IMPLICIT_RETAIN_SELF = YES;
				CLANG_WARN_OBJC_LITERAL_CONVERSION = YES;
				CLANG_WARN_OBJC_ROOT_CLASS = YES_ERROR;
				CLANG_WARN_QUOTED_INCLUDE_IN_FRAMEWORK_HEADER = YES;
				CLANG_WARN_RANGE_LOOP_ANALYSIS = YES;
				CLANG_WARN_STRICT_PROTOTYPES = YES;
				CLANG_WARN_SUSPICIOUS_MOVE = YES;
				CLANG_WARN_UNGUARDED_AVAILABILITY = YES_AGGRESSIVE;
				CLANG_WARN_UNREACHABLE_CODE = YES;
				CLANG_WARN__DUPLICATE_METHOD_MATCH = YES;
				COPY_PHASE_STRIP = NO;
				DEBUG_INFORMATION_FORMAT = dwarf;
				ENABLE_STRICT_OBJC_MSGSEND = YES;
				ENABLE_TESTABILITY = YES;
				ENABLE_USER_SCRIPT_SANDBOXING = YES;
				GCC_C_LANGUAGE_STANDARD = gnu17;
				GCC_DYNAMIC_NO_PIC = NO;
				GCC_NO_COMMON_BLOCKS = YES;
				GCC_OPTIMIZATION_LEVEL = 0;
				GCC_PREPROCESSOR_DEFINITIONS = (
					"DEBUG=1",
					"$(inherited)",
				);
				GCC_WARN_64_TO_32_BIT_CONVERSION = YES;
				GCC_WARN_ABOUT_RETURN_TYPE = YES_ERROR;
				GCC_WARN_UNDECLARED_SELECTOR = YES;
				GCC_WARN_UNINITIALIZED_AUTOS = YES_AGGRESSIVE;
				GCC_WARN_UNUSED_FUNCTION = YES;
				GCC_WARN_UNUSED_VARIABLE = YES;
				IPHONEOS_DEPLOYMENT_TARGET = 18.2;
				LOCALIZATION_PREFERS_STRING_CATALOGS = YES;
				MTL_ENABLE_DEBUG_INFO = INCLUDE_SOURCE;
				MTL_FAST_MATH = YES;
				ONLY_ACTIVE_ARCH = YES;
				SDKROOT = iphoneos;
				SWIFT_ACTIVE_COMPILATION_CONDITIONS = "DEBUG $(inherited)";
				SWIFT_OPTIMIZATION_LEVEL = "-Onone";
			};
			name = Debug;
		};
		1677AA652D45F1D50048AAA9 /* Release */ = {
			isa = XCBuildConfiguration;
			buildSettings = {
				ALWAYS_SEARCH_USER_PATHS = NO;
				ASSETCATALOG_COMPILER_GENERATE_SWIFT_ASSET_SYMBOL_EXTENSIONS = YES;
				CLANG_ANALYZER_NONNULL = YES;
				CLANG_ANALYZER_NUMBER_OBJECT_CONVERSION = YES_AGGRESSIVE;
				CLANG_CXX_LANGUAGE_STANDARD = "gnu++20";
				CLANG_ENABLE_MODULES = YES;
				CLANG_ENABLE_OBJC_ARC = YES;
				CLANG_ENABLE_OBJC_WEAK = YES;
				CLANG_WARN_BLOCK_CAPTURE_AUTORELEASING = YES;
				CLANG_WARN_BOOL_CONVERSION = YES;
				CLANG_WARN_COMMA = YES;
				CLANG_WARN_CONSTANT_CONVERSION = YES;
				CLANG_WARN_DEPRECATED_OBJC_IMPLEMENTATIONS = YES;
				CLANG_WARN_DIRECT_OBJC_ISA_USAGE = YES_ERROR;
				CLANG_WARN_DOCUMENTATION_COMMENTS = YES;
				CLANG_WARN_EMPTY_BODY = YES;
				CLANG_WARN_ENUM_CONVERSION = YES;
				CLANG_WARN_INFINITE_RECURSION = YES;
				CLANG_WARN_INT_CONVERSION = YES;
				CLANG_WARN_NON_LITERAL_NULL_CONVERSION = YES;
				CLANG_WARN_OBJC_IMPLICIT_RETAIN_SELF = YES;
				CLANG_WARN_OBJC_LITERAL_CONVERSION = YES;
				CLANG_WARN_OBJC_ROOT_CLASS = YES_ERROR;
				CLANG_WARN_QUOTED_INCLUDE_IN_FRAMEWORK_HEADER = YES;
				CLANG_WARN_RANGE_LOOP_ANALYSIS = YES;
				CLANG_WARN_STRICT_PROTOTYPES = YES;
				CLANG_WARN_SUSPICIOUS_MOVE = YES;
				CLANG_WARN_UNGUARDED_AVAILABILITY = YES_AGGRESSIVE;
				CLANG_WARN_UNREACHABLE_CODE = YES;
				CLANG_WARN__DUPLICATE_METHOD_MATCH = YES;
				COPY_PHASE_STRIP = NO;
				DEBUG_INFORMATION_FORMAT = "dwarf-with-dsym";
				ENABLE_NS_ASSERTIONS = NO;
				ENABLE_STRICT_OBJC_MSGSEND = YES;
				ENABLE_USER_SCRIPT_SANDBOXING = YES;
				GCC_C_LANGUAGE_STANDARD = gnu17;
				GCC_NO_COMMON_BLOCKS = YES;
				GCC_WARN_64_TO_32_BIT_CONVERSION = YES;
				GCC_WARN_ABOUT_RETURN_TYPE = YES_ERROR;
				GCC_WARN_UNDECLARED_SELECTOR = YES;
				GCC_WARN_UNINITIALIZED_AUTOS = YES_AGGRESSIVE;
				GCC_WARN_UNUSED_FUNCTION = YES;
				GCC_WARN_UNUSED_VARIABLE = YES;
				IPHONEOS_DEPLOYMENT_TARGET = 18.2;
				LOCALIZATION_PREFERS_STRING_CATALOGS = YES;
				MTL_ENABLE_DEBUG_INFO = NO;
				MTL_FAST_MATH = YES;
				SDKROOT = iphoneos;
				SWIFT_COMPILATION_MODE = wholemodule;
				VALIDATE_PRODUCT = YES;
			};
			name = Release;
		};
		1677AA672D45F1D50048AAA9 /* Debug */ = {
			isa = XCBuildConfiguration;
			buildSettings = {
				ASSETCATALOG_COMPILER_APPICON_NAME = AppIcon;
				ASSETCATALOG_COMPILER_GLOBAL_ACCENT_COLOR_NAME = AccentColor;
				CODE_SIGN_STYLE = Automatic;
				CURRENT_PROJECT_VERSION = 1;
				DEVELOPMENT_ASSET_PATHS = "\"BoysBehindTheBar/Preview Content\"";
				DEVELOPMENT_TEAM = SR9M269CH9;
				ENABLE_PREVIEWS = YES;
				GENERATE_INFOPLIST_FILE = YES;
				INFOPLIST_KEY_UIApplicationSceneManifest_Generation = YES;
				INFOPLIST_KEY_UIApplicationSupportsIndirectInputEvents = YES;
				INFOPLIST_KEY_UILaunchScreen_Generation = YES;
				INFOPLIST_KEY_UISupportedInterfaceOrientations_iPad = "UIInterfaceOrientationPortrait UIInterfaceOrientationPortraitUpsideDown UIInterfaceOrientationLandscapeLeft UIInterfaceOrientationLandscapeRight";
				INFOPLIST_KEY_UISupportedInterfaceOrientations_iPhone = "UIInterfaceOrientationPortrait UIInterfaceOrientationLandscapeLeft UIInterfaceOrientationLandscapeRight";
				LD_RUNPATH_SEARCH_PATHS = (
					"$(inherited)",
					"@executable_path/Frameworks",
				);
				MARKETING_VERSION = 1.0;
				PRODUCT_BUNDLE_IDENTIFIER = com.skontos.BoysBehindTheBar;
				PRODUCT_NAME = "$(TARGET_NAME)";
				SWIFT_EMIT_LOC_STRINGS = YES;
				SWIFT_VERSION = 5.0;
				TARGETED_DEVICE_FAMILY = "1,2";
			};
			name = Debug;
		};
		1677AA682D45F1D50048AAA9 /* Release */ = {
			isa = XCBuildConfiguration;
			buildSettings = {
				ASSETCATALOG_COMPILER_APPICON_NAME = AppIcon;
				ASSETCATALOG_COMPILER_GLOBAL_ACCENT_COLOR_NAME = AccentColor;
				CODE_SIGN_STYLE = Automatic;
				CURRENT_PROJECT_VERSION = 1;
				DEVELOPMENT_ASSET_PATHS = "\"BoysBehindTheBar/Preview Content\"";
				DEVELOPMENT_TEAM = SR9M269CH9;
				ENABLE_PREVIEWS = YES;
				GENERATE_INFOPLIST_FILE = YES;
				INFOPLIST_KEY_UIApplicationSceneManifest_Generation = YES;
				INFOPLIST_KEY_UIApplicationSupportsIndirectInputEvents = YES;
				INFOPLIST_KEY_UILaunchScreen_Generation = YES;
				INFOPLIST_KEY_UISupportedInterfaceOrientations_iPad = "UIInterfaceOrientationPortrait UIInterfaceOrientationPortraitUpsideDown UIInterfaceOrientationLandscapeLeft UIInterfaceOrientationLandscapeRight";
				INFOPLIST_KEY_UISupportedInterfaceOrientations_iPhone = "UIInterfaceOrientationPortrait UIInterfaceOrientationLandscapeLeft UIInterfaceOrientationLandscapeRight";
				LD_RUNPATH_SEARCH_PATHS = (
					"$(inherited)",
					"@executable_path/Frameworks",
				);
				MARKETING_VERSION = 1.0;
				PRODUCT_BUNDLE_IDENTIFIER = com.skontos.BoysBehindTheBar;
				PRODUCT_NAME = "$(TARGET_NAME)";
				SWIFT_EMIT_LOC_STRINGS = YES;
				SWIFT_VERSION = 5.0;
				TARGETED_DEVICE_FAMILY = "1,2";
			};
			name = Release;
		};
		1677AA6A2D45F1D50048AAA9 /* Debug */ = {
			isa = XCBuildConfiguration;
			buildSettings = {
				BUNDLE_LOADER = "$(TEST_HOST)";
				CODE_SIGN_STYLE = Automatic;
				CURRENT_PROJECT_VERSION = 1;
				DEVELOPMENT_TEAM = SR9M269CH9;
				GENERATE_INFOPLIST_FILE = YES;
				IPHONEOS_DEPLOYMENT_TARGET = 18.2;
				MARKETING_VERSION = 1.0;
				PRODUCT_BUNDLE_IDENTIFIER = com.skontos.BoysBehindTheBarTests;
				PRODUCT_NAME = "$(TARGET_NAME)";
				SWIFT_EMIT_LOC_STRINGS = NO;
				SWIFT_VERSION = 5.0;
				TARGETED_DEVICE_FAMILY = "1,2";
				TEST_HOST = "$(BUILT_PRODUCTS_DIR)/BoysBehindTheBar.app/$(BUNDLE_EXECUTABLE_FOLDER_PATH)/BoysBehindTheBar";
			};
			name = Debug;
		};
		1677AA6B2D45F1D50048AAA9 /* Release */ = {
			isa = XCBuildConfiguration;
			buildSettings = {
				BUNDLE_LOADER = "$(TEST_HOST)";
				CODE_SIGN_STYLE = Automatic;
				CURRENT_PROJECT_VERSION = 1;
				DEVELOPMENT_TEAM = SR9M269CH9;
				GENERATE_INFOPLIST_FILE = YES;
				IPHONEOS_DEPLOYMENT_TARGET = 18.2;
				MARKETING_VERSION = 1.0;
				PRODUCT_BUNDLE_IDENTIFIER = com.skontos.BoysBehindTheBarTests;
				PRODUCT_NAME = "$(TARGET_NAME)";
				SWIFT_EMIT_LOC_STRINGS = NO;
				SWIFT_VERSION = 5.0;
				TARGETED_DEVICE_FAMILY = "1,2";
				TEST_HOST = "$(BUILT_PRODUCTS_DIR)/BoysBehindTheBar.app/$(BUNDLE_EXECUTABLE_FOLDER_PATH)/BoysBehindTheBar";
			};
			name = Release;
		};
		1677AA6D2D45F1D50048AAA9 /* Debug */ = {
			isa = XCBuildConfiguration;
			buildSettings = {
				CODE_SIGN_STYLE = Automatic;
				CURRENT_PROJECT_VERSION = 1;
				DEVELOPMENT_TEAM = SR9M269CH9;
				GENERATE_INFOPLIST_FILE = YES;
				MARKETING_VERSION = 1.0;
				PRODUCT_BUNDLE_IDENTIFIER = com.skontos.BoysBehindTheBarUITests;
				PRODUCT_NAME = "$(TARGET_NAME)";
				SWIFT_EMIT_LOC_STRINGS = NO;
				SWIFT_VERSION = 5.0;
				TARGETED_DEVICE_FAMILY = "1,2";
				TEST_TARGET_NAME = BoysBehindTheBar;
			};
			name = Debug;
		};
		1677AA6E2D45F1D50048AAA9 /* Release */ = {
			isa = XCBuildConfiguration;
			buildSettings = {
				CODE_SIGN_STYLE = Automatic;
				CURRENT_PROJECT_VERSION = 1;
				DEVELOPMENT_TEAM = SR9M269CH9;
				GENERATE_INFOPLIST_FILE = YES;
				MARKETING_VERSION = 1.0;
				PRODUCT_BUNDLE_IDENTIFIER = com.skontos.BoysBehindTheBarUITests;
				PRODUCT_NAME = "$(TARGET_NAME)";
				SWIFT_EMIT_LOC_STRINGS = NO;
				SWIFT_VERSION = 5.0;
				TARGETED_DEVICE_FAMILY = "1,2";
				TEST_TARGET_NAME = BoysBehindTheBar;
			};
			name = Release;
		};
/* End XCBuildConfiguration section */

/* Begin XCConfigurationList section */
		1677AA3D2D45F1D30048AAA9 /* Build configuration list for PBXProject "BoysBehindTheBar" */ = {
			isa = XCConfigurationList;
			buildConfigurations = (
				1677AA642D45F1D50048AAA9 /* Debug */,
				1677AA652D45F1D50048AAA9 /* Release */,
			);
			defaultConfigurationIsVisible = 0;
			defaultConfigurationName = Release;
		};
		1677AA662D45F1D50048AAA9 /* Build configuration list for PBXNativeTarget "BoysBehindTheBar" */ = {
			isa = XCConfigurationList;
			buildConfigurations = (
				1677AA672D45F1D50048AAA9 /* Debug */,
				1677AA682D45F1D50048AAA9 /* Release */,
			);
			defaultConfigurationIsVisible = 0;
			defaultConfigurationName = Release;
		};
		1677AA692D45F1D50048AAA9 /* Build configuration list for PBXNativeTarget "BoysBehindTheBarTests" */ = {
			isa = XCConfigurationList;
			buildConfigurations = (
				1677AA6A2D45F1D50048AAA9 /* Debug */,
				1677AA6B2D45F1D50048AAA9 /* Release */,
			);
			defaultConfigurationIsVisible = 0;
			defaultConfigurationName = Release;
		};
		1677AA6C2D45F1D50048AAA9 /* Build configuration list for PBXNativeTarget "BoysBehindTheBarUITests" */ = {
			isa = XCConfigurationList;
			buildConfigurations = (
				1677AA6D2D45F1D50048AAA9 /* Debug */,
				1677AA6E2D45F1D50048AAA9 /* Release */,
			);
			defaultConfigurationIsVisible = 0;
			defaultConfigurationName = Release;
		};
/* End XCConfigurationList section */

/* Begin XCRemoteSwiftPackageReference section */
		167718472D585FC100CABB62 /* XCRemoteSwiftPackageReference "firebase-ios-sdk" */ = {
			isa = XCRemoteSwiftPackageReference;
			repositoryURL = "https://github.com/firebase/firebase-ios-sdk.git";
			requirement = {
				kind = upToNextMajorVersion;
				minimumVersion = 11.8.1;
			};
		};
/* End XCRemoteSwiftPackageReference section */

/* Begin XCSwiftPackageProductDependency section */
		167718482D585FC100CABB62 /* FirebaseAuth */ = {
			isa = XCSwiftPackageProductDependency;
			package = 167718472D585FC100CABB62 /* XCRemoteSwiftPackageReference "firebase-ios-sdk" */;
			productName = FirebaseAuth;
		};
		1677184A2D585FC100CABB62 /* FirebaseFirestore */ = {
			isa = XCSwiftPackageProductDependency;
			package = 167718472D585FC100CABB62 /* XCRemoteSwiftPackageReference "firebase-ios-sdk" */;
			productName = FirebaseFirestore;
		};
		1677184C2D585FC100CABB62 /* FirebaseFirestoreCombine-Community */ = {
			isa = XCSwiftPackageProductDependency;
			package = 167718472D585FC100CABB62 /* XCRemoteSwiftPackageReference "firebase-ios-sdk" */;
			productName = "FirebaseFirestoreCombine-Community";
		};
/* End XCSwiftPackageProductDependency section */
	};
	rootObject = 1677AA3A2D45F1D30048AAA9 /* Project object */;
}
